
Microsoft Visual Studio Solution File, Format Version 12.00
# Visual Studio 15
VisualStudioVersion = 15.0.27703.2000
MinimumVisualStudioVersion = 10.0.40219.1
Project("{FAE04EC0-301F-11D3-BF4B-00C04F79EFBC}") = "WinformChatRoom", "WinformChatRoom\WinformChatRoom.csproj", "{BB749826-CE38-4971-8E50-44819B62FBA5}"
EndProject
Project("{FAE04EC0-301F-11D3-BF4B-00C04F79EFBC}") = "ChatRoom.Server", "ChatRoom.Server\ChatRoom.Server.csproj", "{6708C680-78AD-45AD-846F-09221DF3F883}"
EndProject
Project("{FAE04EC0-301F-11D3-BF4B-00C04F79EFBC}") = "ChatRoom.Model", "ChatRoom.Model\ChatRoom.Model.csproj", "{C3C74B44-7BF2-4B35-B660-4FBFF375091C}"
EndProject
Project("{FAE04EC0-301F-11D3-BF4B-00C04F79EFBC}") = "WindowsFormsControlLibrary", "WindowsFormsControlLibrary\WindowsFormsControlLibrary.csproj", "{67CC2CF2-0520-4447-A818-0D156D891705}"
EndProject
Global
	GlobalSection(SolutionConfigurationPlatforms) = preSolution
		Debug|Any CPU = Debug|Any CPU
		Release|Any CPU = Release|Any CPU
	EndGlobalSection
	GlobalSection(ProjectConfigurationPlatforms) = postSolution
		{BB749826-CE38-4971-8E50-44819B62FBA5}.Debug|Any CPU.ActiveCfg = Debug|Any CPU
		{BB749826-CE38-4971-8E50-44819B62FBA5}.Debug|Any CPU.Build.0 = Debug|Any CPU
		{BB749826-CE38-4971-8E50-44819B62FBA5}.Release|Any CPU.ActiveCfg = Release|Any CPU
		{BB749826-CE38-4971-8E50-44819B62FBA5}.Release|Any CPU.Build.0 = Release|Any CPU
		{6708C680-78AD-45AD-846F-09221DF3F883}.Debug|Any CPU.ActiveCfg = Debug|Any CPU
		{6708C680-78AD-45AD-846F-09221DF3F883}.Debug|Any CPU.Build.0 = Debug|Any CPU
		{6708C680-78AD-45AD-846F-09221DF3F883}.Release|Any CPU.ActiveCfg = Release|Any CPU
		{6708C680-78AD-45AD-846F-09221DF3F883}.Release|Any CPU.Build.0 = Release|Any CPU
		{C3C74B44-7BF2-4B35-B660-4FBFF375091C}.Debug|Any CPU.ActiveCfg = Debug|Any CPU
		{C3C74B44-7BF2-4B35-B660-4FBFF375091C}.Debug|Any CPU.Build.0 = Debug|Any CPU
		{C3C74B44-7BF2-4B35-B660-4FBFF375091C}.Release|Any CPU.ActiveCfg = Release|Any CPU
		{C3C74B44-7BF2-4B35-B660-4FBFF375091C}.Release|Any CPU.Build.0 = Release|Any CPU
		{67CC2CF2-0520-4447-A818-0D156D891705}.Debug|Any CPU.ActiveCfg = Debug|Any CPU
		{67CC2CF2-0520-4447-A818-0D156D891705}.Debug|Any CPU.Build.0 = Debug|Any CPU
		{67CC2CF2-0520-4447-A818-0D156D891705}.Release|Any CPU.ActiveCfg = Release|Any CPU
		{67CC2CF2-0520-4447-A818-0D156D891705}.Release|Any CPU.Build.0 = Release|Any CPU
	EndGlobalSection
	GlobalSection(SolutionProperties) = preSolution
		HideSolutionNode = FALSE
	EndGlobalSection
	GlobalSection(ExtensibilityGlobals) = postSolution
		SolutionGuid = {D6FEFA77-4ACF-4847-8970-00FBF45540B5}
	EndGlobalSection
EndGlobal
